{
  "requires": true,
  "lockfileVersion": 1,
  "dependencies": {
    "auth-js": {
      "version": "0.0.16",
      "resolved": "https://registry.npmjs.org/auth-js/-/auth-js-0.0.16.tgz",
      "integrity": "sha512-bSFZznAM7ilMTrXBq6zTALk2tz7LIK+a7Sd/BoR1Qkwwgy9iggS7T1L2Q4DubnkTwtQ95snzkvjMJEjVoyDs0w=="
    }
  }
}
